{
  "originHash" : "ba76a891549d0c44b3ed1242f3da898b9b941aba2ff93cc784acca139aeeb63c",
  "pins" : [
    {
      "identity" : "developerkit",
      "kind" : "remoteSourceControl",
      "location" : "https://github.com/jeronimocabezuelo/DeveloperKit",
      "state" : {
        "branch" : "main",
        "revision" : "4d0286933466b78d8292fbc451bb3abdadff642e"
      }
    },
    {
      "identity" : "swiftlintplugins",
      "kind" : "remoteSourceControl",
      "location" : "https://github.com/SimplyDanny/SwiftLintPlugins",
      "state" : {
        "revision" : "8545ddf4de043e6f2051c5cf204f39ef778ebf6b",
        "version" : "0.59.1"
      }
    }
  ],
  "version" : 3
}
